
Microsoft Visual Studio Solution File, Format Version 12.00
# Visual Studio Version 17
VisualStudioVersion = 17.1.32319.34
MinimumVisualStudioVersion = 10.0.40219.1
Project("{FAE04EC0-301F-11D3-BF4B-00C04F79EFBC}") = "SkrivebordOpgave", "SkrivebordOpgave\SkrivebordOpgave.csproj", "{0A5CA470-6996-43A8-8819-52CF1230E96C}"
EndProject
Global
	GlobalSection(SolutionConfigurationPlatforms) = preSolution
		Debug|Any CPU = Debug|Any CPU
		Release|Any CPU = Release|Any CPU
	EndGlobalSection
	GlobalSection(ProjectConfigurationPlatforms) = postSolution
		{0A5CA470-6996-43A8-8819-52CF1230E96C}.Debug|Any CPU.ActiveCfg = Debug|Any CPU
		{0A5CA470-6996-43A8-8819-52CF1230E96C}.Debug|Any CPU.Build.0 = Debug|Any CPU
		{0A5CA470-6996-43A8-8819-52CF1230E96C}.Release|Any CPU.ActiveCfg = Release|Any CPU
		{0A5CA470-6996-43A8-8819-52CF1230E96C}.Release|Any CPU.Build.0 = Release|Any CPU
	EndGlobalSection
	GlobalSection(SolutionProperties) = preSolution
		HideSolutionNode = FALSE
	EndGlobalSection
	GlobalSection(ExtensibilityGlobals) = postSolution
		SolutionGuid = {3CE8B165-6B78-47D4-82B8-9E430468BC37}
	EndGlobalSection
EndGlobal
